
Microsoft Visual Studio Solution File, Format Version 12.00
# Visual Studio Version 16
VisualStudioVersion = 16.0.31515.178
MinimumVisualStudioVersion = 10.0.40219.1
Project("{9A19103F-16F7-4668-BE54-9A1E7A4F7556}") = "BRE.App", "BRE.App\BRE.App.csproj", "{7D68B843-CA6D-4789-BB26-D1680CD4BFA8}"
EndProject
Project("{9A19103F-16F7-4668-BE54-9A1E7A4F7556}") = "BRE.UnitTest", "BRE.UnitTest\BRE.UnitTest.csproj", "{1CCBF9F2-ABC7-4B7A-9579-4D191A562CF8}"
EndProject
Global
	GlobalSection(SolutionConfigurationPlatforms) = preSolution
		Debug|Any CPU = Debug|Any CPU
		Release|Any CPU = Release|Any CPU
	EndGlobalSection
	GlobalSection(ProjectConfigurationPlatforms) = postSolution
		{7D68B843-CA6D-4789-BB26-D1680CD4BFA8}.Debug|Any CPU.ActiveCfg = Debug|Any CPU
		{7D68B843-CA6D-4789-BB26-D1680CD4BFA8}.Debug|Any CPU.Build.0 = Debug|Any CPU
		{7D68B843-CA6D-4789-BB26-D1680CD4BFA8}.Release|Any CPU.ActiveCfg = Release|Any CPU
		{7D68B843-CA6D-4789-BB26-D1680CD4BFA8}.Release|Any CPU.Build.0 = Release|Any CPU
		{1CCBF9F2-ABC7-4B7A-9579-4D191A562CF8}.Debug|Any CPU.ActiveCfg = Debug|Any CPU
		{1CCBF9F2-ABC7-4B7A-9579-4D191A562CF8}.Debug|Any CPU.Build.0 = Debug|Any CPU
		{1CCBF9F2-ABC7-4B7A-9579-4D191A562CF8}.Release|Any CPU.ActiveCfg = Release|Any CPU
		{1CCBF9F2-ABC7-4B7A-9579-4D191A562CF8}.Release|Any CPU.Build.0 = Release|Any CPU
	EndGlobalSection
	GlobalSection(SolutionProperties) = preSolution
		HideSolutionNode = FALSE
	EndGlobalSection
	GlobalSection(ExtensibilityGlobals) = postSolution
		SolutionGuid = {98C64F42-B363-44C3-A411-1531A5F92E19}
	EndGlobalSection
EndGlobal
